{
  "requires": true,
  "lockfileVersion": 1,
  "dependencies": {
    "detect-libc": {
      "version": "1.0.3",
      "resolved": "https://registry.npmjs.org/detect-libc/-/detect-libc-1.0.3.tgz",
      "integrity": "sha1-+hN8S9aY7fVc1c0CrFWfkaTEups="
    },
    "fibers": {
      "version": "3.1.1",
      "resolved": "https://registry.npmjs.org/fibers/-/fibers-3.1.1.tgz",
      "integrity": "sha512-dl3Ukt08rHVQfY8xGD0ODwyjwrRALtaghuqGH2jByYX1wpY+nAnRQjJ6Dbqq0DnVgNVQ9yibObzbF4IlPyiwPw==",
      "requires": {
        "detect-libc": "1.0.3"
      }
    }
  }
}
